{
  "version": 4,
  "terraform_version": "1.2.6",
  "serial": 11,
  "lineage": "7d8c3ebd-03cc-fa8b-7868-163f80880909",
  "outputs": {
    "kube_endpoint": {
      "value": "https://0d1ce135-d323-4166-98d3-9dd59812aaf0.k8s.ondigitalocean.com",
      "type": "string"
    }
  },
  "resources": [
    {
      "mode": "managed",
      "type": "digitalocean_kubernetes_cluster",
      "name": "k8s_iniciativa-devops",
      "provider": "provider[\"registry.terraform.io/digitalocean/digitalocean\"]",
      "instances": [
        {
          "schema_version": 3,
          "attributes": {
            "auto_upgrade": false,
            "cluster_subnet": "10.244.0.0/16",
            "created_at": "2022-08-06 02:22:05 +0000 UTC",
            "endpoint": "https://0d1ce135-d323-4166-98d3-9dd59812aaf0.k8s.ondigitalocean.com",
            "ha": false,
            "id": "0d1ce135-d323-4166-98d3-9dd59812aaf0",
            "ipv4_address": "",
            "kube_config": [
              {
                "client_certificate": "",
                "client_key": "",
                "cluster_ca_certificate": "LS0tLS1CRUdJTiBDRVJUSUZJQ0FURS0tLS0tCk1JSURKekNDQWcrZ0F3SUJBZ0lDQm5Vd0RRWUpLb1pJaHZjTkFRRUxCUUF3TXpFVk1CTUdBMVVFQ2hNTVJHbG4KYVhSaGJFOWpaV0Z1TVJvd0dBWURWUVFERXhGck9ITmhZWE1nUTJ4MWMzUmxjaUJEUVRBZUZ3MHlNakE0TURZdwpNakl5TVRaYUZ3MDBNakE0TURZd01qSXlNVFphTURNeEZUQVRCZ05WQkFvVERFUnBaMmwwWVd4UFkyVmhiakVhCk1CZ0dBMVVFQXhNUmF6aHpZV0Z6SUVOc2RYTjBaWElnUTBFd2dnRWlNQTBHQ1NxR1NJYjNEUUVCQVFVQUE0SUIKRHdBd2dnRUtBb0lCQVFEWU1nU0dFZXNJSmxDaHgwek9Tb3psVWp2d241ZGRBZUd2SjZ1VVVWVjJYK2o1NHMyYgpiRGROOWJuTVpLKzlhazlUSDZySnU1eWFycThzRGtjUklJMmxpZFZBNVpGaDdGQ21UZEhuT0N2RDcyanhZdDBlCmNDMkduQnZyK2tkbzNQVTV0TkVmM1d3M0ZQM0lOdlZZdXNvVUNHb1BuV1dhM3B5S3VCTmEyWnpMT1FjU0EybU0KVXBFU3ZTODIyK1hrcjhjeEYrVGpEMnM2UXg1cW9od0VRd2xnNjUyQ0o4OXVucno5UWltYnoxQXZXVWlqSEMrcApuWVhLYW1BTnZWbDVFa2cwajBNbHJJa3pGc2hTQnFXK0pENk9qMEtrSXVmbnpUWDQ5Z3ZPcWkxbUR0amhrRjBuCnpWUWw0RE1mblBRZW10WDFTMU1wTkoyWlNSUHJ1eXIvaW1FekFnTUJBQUdqUlRCRE1BNEdBMVVkRHdFQi93UUUKQXdJQmhqQVNCZ05WSFJNQkFmOEVDREFHQVFIL0FnRUFNQjBHQTFVZERnUVdCQlJ0VUZIaGhOVVhVREFDbGhTSApxWDBaR25zV3FEQU5CZ2txaGtpRzl3MEJBUXNGQUFPQ0FRRUFOeGQzRmtNbkJTK09MWVJzcFRQUnVuMmMzMkpuCkI1QTkzZmFlOFZ3MGREQjRFM0swbk15ZDY2OUR2MnowMGV4Yms0OXd1L2FwL2JKZEFXY2UrNDhXN3g2R25Nc0cKdFluRy9pdGE2WlRBMTdVcFRkSFhMWkkrNzZRd1FJM0sxNEVxN2dndTlHTzdVNXdZUFdXNk5PQXhDa3lwQ3RDbApzc0NpOTk3Qmtqb0ltUmUwMTNCZmtld3RzekY2YmhhU2dLSXU0ZGVUcXRlNGdFNGZ1VURRRmt2U3RMelNVTWtyCkFtNlhkaDh2dFpNUHRFM2Zxa1Q0RzBibHArZnNaM3dwZnhObkxGOHRtS2Jpb09oMHBXYVE4NHhWVW9IbXd6SVcKZXFJTk9rTWlsU2VJeG9jUk9PYlp2bDBSUHREd2xDRzNxZXpNSHRJN1FBUm5tSVhHL1pmOHhSRDlYQT09Ci0tLS0tRU5EIENFUlRJRklDQVRFLS0tLS0K",
                "expires_at": "2022-08-13T02:27:37Z",
                "host": "https://0d1ce135-d323-4166-98d3-9dd59812aaf0.k8s.ondigitalocean.com",
                "raw_config": "apiVersion: v1\nkind: Config\nclusters:\n- cluster:\n    certificate-authority-data: LS0tLS1CRUdJTiBDRVJUSUZJQ0FURS0tLS0tCk1JSURKekNDQWcrZ0F3SUJBZ0lDQm5Vd0RRWUpLb1pJaHZjTkFRRUxCUUF3TXpFVk1CTUdBMVVFQ2hNTVJHbG4KYVhSaGJFOWpaV0Z1TVJvd0dBWURWUVFERXhGck9ITmhZWE1nUTJ4MWMzUmxjaUJEUVRBZUZ3MHlNakE0TURZdwpNakl5TVRaYUZ3MDBNakE0TURZd01qSXlNVFphTURNeEZUQVRCZ05WQkFvVERFUnBaMmwwWVd4UFkyVmhiakVhCk1CZ0dBMVVFQXhNUmF6aHpZV0Z6SUVOc2RYTjBaWElnUTBFd2dnRWlNQTBHQ1NxR1NJYjNEUUVCQVFVQUE0SUIKRHdBd2dnRUtBb0lCQVFEWU1nU0dFZXNJSmxDaHgwek9Tb3psVWp2d241ZGRBZUd2SjZ1VVVWVjJYK2o1NHMyYgpiRGROOWJuTVpLKzlhazlUSDZySnU1eWFycThzRGtjUklJMmxpZFZBNVpGaDdGQ21UZEhuT0N2RDcyanhZdDBlCmNDMkduQnZyK2tkbzNQVTV0TkVmM1d3M0ZQM0lOdlZZdXNvVUNHb1BuV1dhM3B5S3VCTmEyWnpMT1FjU0EybU0KVXBFU3ZTODIyK1hrcjhjeEYrVGpEMnM2UXg1cW9od0VRd2xnNjUyQ0o4OXVucno5UWltYnoxQXZXVWlqSEMrcApuWVhLYW1BTnZWbDVFa2cwajBNbHJJa3pGc2hTQnFXK0pENk9qMEtrSXVmbnpUWDQ5Z3ZPcWkxbUR0amhrRjBuCnpWUWw0RE1mblBRZW10WDFTMU1wTkoyWlNSUHJ1eXIvaW1FekFnTUJBQUdqUlRCRE1BNEdBMVVkRHdFQi93UUUKQXdJQmhqQVNCZ05WSFJNQkFmOEVDREFHQVFIL0FnRUFNQjBHQTFVZERnUVdCQlJ0VUZIaGhOVVhVREFDbGhTSApxWDBaR25zV3FEQU5CZ2txaGtpRzl3MEJBUXNGQUFPQ0FRRUFOeGQzRmtNbkJTK09MWVJzcFRQUnVuMmMzMkpuCkI1QTkzZmFlOFZ3MGREQjRFM0swbk15ZDY2OUR2MnowMGV4Yms0OXd1L2FwL2JKZEFXY2UrNDhXN3g2R25Nc0cKdFluRy9pdGE2WlRBMTdVcFRkSFhMWkkrNzZRd1FJM0sxNEVxN2dndTlHTzdVNXdZUFdXNk5PQXhDa3lwQ3RDbApzc0NpOTk3Qmtqb0ltUmUwMTNCZmtld3RzekY2YmhhU2dLSXU0ZGVUcXRlNGdFNGZ1VURRRmt2U3RMelNVTWtyCkFtNlhkaDh2dFpNUHRFM2Zxa1Q0RzBibHArZnNaM3dwZnhObkxGOHRtS2Jpb09oMHBXYVE4NHhWVW9IbXd6SVcKZXFJTk9rTWlsU2VJeG9jUk9PYlp2bDBSUHREd2xDRzNxZXpNSHRJN1FBUm5tSVhHL1pmOHhSRDlYQT09Ci0tLS0tRU5EIENFUlRJRklDQVRFLS0tLS0K\n    server: https://0d1ce135-d323-4166-98d3-9dd59812aaf0.k8s.ondigitalocean.com\n  name: do-nyc1-k8s-iniciativa-devops\ncontexts:\n- context:\n    cluster: do-nyc1-k8s-iniciativa-devops\n    user: do-nyc1-k8s-iniciativa-devops-admin\n  name: do-nyc1-k8s-iniciativa-devops\ncurrent-context: do-nyc1-k8s-iniciativa-devops\nusers:\n- name: do-nyc1-k8s-iniciativa-devops-admin\n  user:\n    token: dop_v1_3e46ddf02ef19a948430bd0602c23dd899c7115c601ed2d9495b0145b508f9ec\n",
                "token": "dop_v1_3e46ddf02ef19a948430bd0602c23dd899c7115c601ed2d9495b0145b508f9ec"
              }
            ],
            "maintenance_policy": [
              {
                "day": "any",
                "duration": "4h0m0s",
                "start_time": "20:00"
              }
            ],
            "name": "k8s-iniciativa-devops",
            "node_pool": [
              {
                "actual_node_count": 3,
                "auto_scale": false,
                "id": "33e5efe3-bad0-411f-b6a0-9b5c35c5caab",
                "labels": {},
                "max_nodes": 0,
                "min_nodes": 0,
                "name": "default",
                "node_count": 3,
                "nodes": [
                  {
                    "created_at": "2022-08-06 02:22:05 +0000 UTC",
                    "droplet_id": "311433515",
                    "id": "201724fe-5cb9-431d-a924-07fa02a4a34b",
                    "name": "default-7nzi2",
                    "status": "running",
                    "updated_at": "2022-08-06 02:24:16 +0000 UTC"
                  },
                  {
                    "created_at": "2022-08-06 02:22:05 +0000 UTC",
                    "droplet_id": "311433514",
                    "id": "86609579-7a53-402c-997a-10f7683fc55f",
                    "name": "default-7nzip",
                    "status": "running",
                    "updated_at": "2022-08-06 02:24:16 +0000 UTC"
                  },
                  {
                    "created_at": "2022-08-06 02:22:05 +0000 UTC",
                    "droplet_id": "311433516",
                    "id": "887bc9a1-1682-493d-9f7c-91d12e356879",
                    "name": "default-7nzis",
                    "status": "running",
                    "updated_at": "2022-08-06 02:24:16 +0000 UTC"
                  }
                ],
                "size": "s-2vcpu-2gb",
                "tags": [],
                "taint": []
              }
            ],
            "region": "nyc1",
            "service_subnet": "10.245.0.0/16",
            "status": "degraded",
            "surge_upgrade": true,
            "tags": [],
            "timeouts": null,
            "updated_at": "2022-08-06 02:30:24 +0000 UTC",
            "urn": "do:kubernetes:0d1ce135-d323-4166-98d3-9dd59812aaf0",
            "version": "1.23.9-do.0",
            "vpc_uuid": "4fd7855d-4fd0-48d6-bc91-eef16993dc91"
          },
          "sensitive_attributes": [],
          "private": "eyJlMmJmYjczMC1lY2FhLTExZTYtOGY4OC0zNDM2M2JjN2M0YzAiOnsiY3JlYXRlIjoxODAwMDAwMDAwMDAwfSwic2NoZW1hX3ZlcnNpb24iOiIzIn0="
        }
      ]
    },
    {
      "mode": "managed",
      "type": "digitalocean_kubernetes_node_pool",
      "name": "node_premium",
      "provider": "provider[\"registry.terraform.io/digitalocean/digitalocean\"]",
      "instances": [
        {
          "schema_version": 1,
          "attributes": {
            "actual_node_count": 2,
            "auto_scale": false,
            "cluster_id": "0d1ce135-d323-4166-98d3-9dd59812aaf0",
            "id": "ff8109ae-818e-4add-a244-f26f5be0dcf3",
            "labels": {},
            "max_nodes": 0,
            "min_nodes": 0,
            "name": "premium",
            "node_count": 2,
            "nodes": [
              {
                "created_at": "2022-08-06 02:27:38 +0000 UTC",
                "droplet_id": "311433816",
                "id": "d7982c09-c6e9-40c5-bb30-d01fda1c13bb",
                "name": "premium-7nzdu",
                "status": "running",
                "updated_at": "2022-08-06 02:28:25 +0000 UTC"
              },
              {
                "created_at": "2022-08-06 02:27:38 +0000 UTC",
                "droplet_id": "311433815",
                "id": "9d246f83-8080-42e3-90e3-45aca31026dd",
                "name": "premium-7nzdc",
                "status": "running",
                "updated_at": "2022-08-06 02:28:25 +0000 UTC"
              }
            ],
            "size": "s-2vcpu-4gb",
            "tags": [
              "backend"
            ],
            "taint": [],
            "timeouts": null
          },
          "sensitive_attributes": [],
          "private": "eyJlMmJmYjczMC1lY2FhLTExZTYtOGY4OC0zNDM2M2JjN2M0YzAiOnsiY3JlYXRlIjoxODAwMDAwMDAwMDAwLCJkZWxldGUiOjE4MDAwMDAwMDAwMDB9LCJzY2hlbWFfdmVyc2lvbiI6IjEifQ==",
          "dependencies": [
            "digitalocean_kubernetes_cluster.k8s_iniciativa-devops"
          ]
        }
      ]
    }
  ]
}
